// !$*UTF8*$!
{
	archiveVersion = 1;
	classes = {
	};
	objectVersion = 46;
	objects = {

/* Begin PBXBuildFile section */
		04296AC51B5E38E000DCD4C7 /* main.m in Sources */ = {isa = PBXBuildFile; fileRef = 04296AC41B5E38E000DCD4C7 /* main.m */; };
		04296AC81B5E38E000DCD4C7 /* AppDelegate.m in Sources */ = {isa = PBXBuildFile; fileRef = 04296AC71B5E38E000DCD4C7 /* AppDelegate.m */; };
		04296ACB1B5E38E000DCD4C7 /* ViewController.m in Sources */ = {isa = PBXBuildFile; fileRef = 04296ACA1B5E38E000DCD4C7 /* ViewController.m */; };
		04296ACE1B5E38E000DCD4C7 /* Main.storyboard in Resources */ = {isa = PBXBuildFile; fileRef = 04296ACC1B5E38E000DCD4C7 /* Main.storyboard */; };
		04296AD01B5E38E000DCD4C7 /* Images.xcassets in Resources */ = {isa = PBXBuildFile; fileRef = 04296ACF1B5E38E000DCD4C7 /* Images.xcassets */; };
		04296AD31B5E38E000DCD4C7 /* LaunchScreen.xib in Resources */ = {isa = PBXBuildFile; fileRef = 04296AD11B5E38E000DCD4C7 /* LaunchScreen.xib */; };
		04296ADF1B5E38E000DCD4C7 /* DemoDictionaryTests.m in Sources */ = {isa = PBXBuildFile; fileRef = 04296ADE1B5E38E000DCD4C7 /* DemoDictionaryTests.m */; };
/* End PBXBuildFile section */

/* Begin PBXContainerItemProxy section */
		04296AD91B5E38E000DCD4C7 /* PBXContainerItemProxy */ = {
			isa = PBXContainerItemProxy;
			containerPortal = 04296AB71B5E38E000DCD4C7 /* Project object */;
			proxyType = 1;
			remoteGlobalIDString = 04296ABE1B5E38E000DCD4C7;
			remoteInfo = DemoDictionary;
		};
/* End PBXContainerItemProxy section */

/* Begin PBXFileReference section */
		04296ABF1B5E38E000DCD4C7 /* DemoDictionary.app */ = {isa = PBXFileReference; explicitFileType = wrapper.application; includeInIndex = 0; path = DemoDictionary.app; sourceTree = BUILT_PRODUCTS_DIR; };
		04296AC31B5E38E000DCD4C7 /* Info.plist */ = {isa = PBXFileReference; lastKnownFileType = text.plist.xml; path = Info.plist; sourceTree = "<group>"; };
		04296AC41B5E38E000DCD4C7 /* main.m */ = {isa = PBXFileReference; lastKnownFileType = sourcecode.c.objc; path = main.m; sourceTree = "<group>"; };
		04296AC61B5E38E000DCD4C7 /* AppDelegate.h */ = {isa = PBXFileReference; lastKnownFileType = sourcecode.c.h; path = AppDelegate.h; sourceTree = "<group>"; };
		04296AC71B5E38E000DCD4C7 /* AppDelegate.m */ = {isa = PBXFileReference; lastKnownFileType = sourcecode.c.objc; path = AppDelegate.m; sourceTree = "<group>"; };
		04296AC91B5E38E000DCD4C7 /* ViewController.h */ = {isa = PBXFileReference; lastKnownFileType = sourcecode.c.h; path = ViewController.h; sourceTree = "<group>"; };
		04296ACA1B5E38E000DCD4C7 /* ViewController.m */ = {isa = PBXFileReference; lastKnownFileType = sourcecode.c.objc; path = ViewController.m; sourceTree = "<group>"; };
		04296ACD1B5E38E000DCD4C7 /* Base */ = {isa = PBXFileReference; lastKnownFileType = file.storyboard; name = Base; path = Base.lproj/Main.storyboard; sourceTree = "<group>"; };
		04296ACF1B5E38E000DCD4C7 /* Images.xcassets */ = {isa = PBXFileReference; lastKnownFileType = folder.assetcatalog; path = Images.xcassets; sourceTree = "<group>"; };
		04296AD21B5E38E000DCD4C7 /* Base */ = {isa = PBXFileReference; lastKnownFileType = file.xib; name = Base; path = Base.lproj/LaunchScreen.xib; sourceTree = "<group>"; };
		04296AD81B5E38E000DCD4C7 /* DemoDictionaryTests.xctest */ = {isa = PBXFileReference; explicitFileType = wrapper.cfbundle; includeInIndex = 0; path = DemoDictionaryTests.xctest; sourceTree = BUILT_PRODUCTS_DIR; };
		04296ADD1B5E38E000DCD4C7 /* Info.plist */ = {isa = PBXFileReference; lastKnownFileType = text.plist.xml; path = Info.plist; sourceTree = "<group>"; };
		04296ADE1B5E38E000DCD4C7 /* DemoDictionaryTests.m */ = {isa = PBXFileReference; lastKnownFileType = sourcecode.c.objc; path = DemoDictionaryTests.m; sourceTree = "<group>"; };
/* End PBXFileReference section */

/* Begin PBXFrameworksBuildPhase section */
		04296ABC1B5E38E000DCD4C7 /* Frameworks */ = {
			isa = PBXFrameworksBuildPhase;
			buildActionMask = 2147483647;
			files = (
			);
			runOnlyForDeploymentPostprocessing = 0;
		};
		04296AD51B5E38E000DCD4C7 /* Frameworks */ = {
			isa = PBXFrameworksBuildPhase;
			buildActionMask = 2147483647;
			files = (
			);
			runOnlyForDeploymentPostprocessing = 0;
		};
/* End PBXFrameworksBuildPhase section */

/* Begin PBXGroup section */
		04296AB61B5E38E000DCD4C7 = {
			isa = PBXGroup;
			children = (
				04296AC11B5E38E000DCD4C7 /* DemoDictionary */,
				04296ADB1B5E38E000DCD4C7 /* DemoDictionaryTests */,
				04296AC01B5E38E000DCD4C7 /* Products */,
			);
			sourceTree = "<group>";
		};
		04296AC01B5E38E000DCD4C7 /* Products */ = {
			isa = PBXGroup;
			children = (
				04296ABF1B5E38E000DCD4C7 /* DemoDictionary.app */,
				04296AD81B5E38E000DCD4C7 /* DemoDictionaryTests.xctest */,
			);
			name = Products;
			sourceTree = "<group>";
		};
		04296AC11B5E38E000DCD4C7 /* DemoDictionary */ = {
			isa = PBXGroup;
			children = (
				04296AC61B5E38E000DCD4C7 /* AppDelegate.h */,
				04296AC71B5E38E000DCD4C7 /* AppDelegate.m */,
				04296AC91B5E38E000DCD4C7 /* ViewController.h */,
				04296ACA1B5E38E000DCD4C7 /* ViewController.m */,
				04296ACC1B5E38E000DCD4C7 /* Main.storyboard */,
				04296ACF1B5E38E000DCD4C7 /* Images.xcassets */,
				04296AD11B5E38E000DCD4C7 /* LaunchScreen.xib */,
				04296AC21B5E38E000DCD4C7 /* Supporting Files */,
			);
			path = DemoDictionary;
			sourceTree = "<group>";
		};
		04296AC21B5E38E000DCD4C7 /* Supporting Files */ = {
			isa = PBXGroup;
			children = (
				04296AC31B5E38E000DCD4C7 /* Info.plist */,
				04296AC41B5E38E000DCD4C7 /* main.m */,
			);
			name = "Supporting Files";
			sourceTree = "<group>";
		};
		04296ADB1B5E38E000DCD4C7 /* DemoDictionaryTests */ = {
			isa = PBXGroup;
			children = (
				04296ADE1B5E38E000DCD4C7 /* DemoDictionaryTests.m */,
				04296ADC1B5E38E000DCD4C7 /* Supporting Files */,
			);
			path = DemoDictionaryTests;
			sourceTree = "<group>";
		};
		04296ADC1B5E38E000DCD4C7 /* Supporting Files */ = {
			isa = PBXGroup;
			children = (
				04296ADD1B5E38E000DCD4C7 /* Info.plist */,
			);
			name = "Supporting Files";
			sourceTree = "<group>";
		};
/* End PBXGroup section */

/* Begin PBXNativeTarget section */
		04296ABE1B5E38E000DCD4C7 /* DemoDictionary */ = {
			isa = PBXNativeTarget;
			buildConfigurationList = 04296AE21B5E38E000DCD4C7 /* Build configuration list for PBXNativeTarget "DemoDictionary" */;
			buildPhases = (
				04296ABB1B5E38E000DCD4C7 /* Sources */,
				04296ABC1B5E38E000DCD4C7 /* Frameworks */,
				04296ABD1B5E38E000DCD4C7 /* Resources */,
			);
			buildRules = (
			);
			dependencies = (
			);
			name = DemoDictionary;
			productName = DemoDictionary;
			productReference = 04296ABF1B5E38E000DCD4C7 /* DemoDictionary.app */;
			productType = "com.apple.product-type.application";
		};
		04296AD71B5E38E000DCD4C7 /* DemoDictionaryTests */ = {
			isa = PBXNativeTarget;
			buildConfigurationList = 04296AE51B5E38E000DCD4C7 /* Build configuration list for PBXNativeTarget "DemoDictionaryTests" */;
			buildPhases = (
				04296AD41B5E38E000DCD4C7 /* Sources */,
				04296AD51B5E38E000DCD4C7 /* Frameworks */,
				04296AD61B5E38E000DCD4C7 /* Resources */,
			);
			buildRules = (
			);
			dependencies = (
				04296ADA1B5E38E000DCD4C7 /* PBXTargetDependency */,
			);
			name = DemoDictionaryTests;
			productName = DemoDictionaryTests;
			productReference = 04296AD81B5E38E000DCD4C7 /* DemoDictionaryTests.xctest */;
			productType = "com.apple.product-type.bundle.unit-test";
		};
/* End PBXNativeTarget section */

/* Begin PBXProject section */
		04296AB71B5E38E000DCD4C7 /* Project object */ = {
			isa = PBXProject;
			attributes = {
				LastUpgradeCheck = 0630;
				ORGANIZATIONNAME = mac;
				TargetAttributes = {
					04296ABE1B5E38E000DCD4C7 = {
						CreatedOnToolsVersion = 6.3.2;
					};
					04296AD71B5E38E000DCD4C7 = {
						CreatedOnToolsVersion = 6.3.2;
						TestTargetID = 04296ABE1B5E38E000DCD4C7;
					};
				};
			};
			buildConfigurationList = 04296ABA1B5E38E000DCD4C7 /* Build configuration list for PBXProject "DemoDictionary" */;
			compatibilityVersion = "Xcode 3.2";
			developmentRegion = English;
			hasScannedForEncodings = 0;
			knownRegions = (
				en,
				Base,
			);
			mainGroup = 04296AB61B5E38E000DCD4C7;
			productRefGroup = 04296AC01B5E38E000DCD4C7 /* Products */;
			projectDirPath = "";
			projectRoot = "";
			targets = (
				04296ABE1B5E38E000DCD4C7 /* DemoDictionary */,
				04296AD71B5E38E000DCD4C7 /* DemoDictionaryTests */,
			);
		};
/* End PBXProject section */

/* Begin PBXResourcesBuildPhase section */
		04296ABD1B5E38E000DCD4C7 /* Resources */ = {
			isa = PBXResourcesBuildPhase;
			buildActionMask = 2147483647;
			files = (
				04296ACE1B5E38E000DCD4C7 /* Main.storyboard in Resources */,
				04296AD31B5E38E000DCD4C7 /* LaunchScreen.xib in Resources */,
				04296AD01B5E38E000DCD4C7 /* Images.xcassets in Resources */,
			);
			runOnlyForDeploymentPostprocessing = 0;
		};
		04296AD61B5E38E000DCD4C7 /* Resources */ = {
			isa = PBXResourcesBuildPhase;
			buildActionMask = 2147483647;
			files = (
			);
			runOnlyForDeploymentPostprocessing = 0;
		};
/* End PBXResourcesBuildPhase section */

/* Begin PBXSourcesBuildPhase section */
		04296ABB1B5E38E000DCD4C7 /* Sources */ = {
			isa = PBXSourcesBuildPhase;
			buildActionMask = 2147483647;
			files = (
				04296ACB1B5E38E000DCD4C7 /* ViewController.m in Sources */,
				04296AC81B5E38E000DCD4C7 /* AppDelegate.m in Sources */,
				04296AC51B5E38E000DCD4C7 /* main.m in Sources */,
			);
			runOnlyForDeploymentPostprocessing = 0;
		};
		04296AD41B5E38E000DCD4C7 /* Sources */ = {
			isa = PBXSourcesBuildPhase;
			buildActionMask = 2147483647;
			files = (
				04296ADF1B5E38E000DCD4C7 /* DemoDictionaryTests.m in Sources */,
			);
			runOnlyForDeploymentPostprocessing = 0;
		};
/* End PBXSourcesBuildPhase section */

/* Begin PBXTargetDependency section */
		04296ADA1B5E38E000DCD4C7 /* PBXTargetDependency */ = {
			isa = PBXTargetDependency;
			target = 04296ABE1B5E38E000DCD4C7 /* DemoDictionary */;
			targetProxy = 04296AD91B5E38E000DCD4C7 /* PBXContainerItemProxy */;
		};
/* End PBXTargetDependency section */

/* Begin PBXVariantGroup section */
		04296ACC1B5E38E000DCD4C7 /* Main.storyboard */ = {
			isa = PBXVariantGroup;
			children = (
				04296ACD1B5E38E000DCD4C7 /* Base */,
			);
			name = Main.storyboard;
			sourceTree = "<group>";
		};
		04296AD11B5E38E000DCD4C7 /* LaunchScreen.xib */ = {
			isa = PBXVariantGroup;
			children = (
				04296AD21B5E38E000DCD4C7 /* Base */,
			);
			name = LaunchScreen.xib;
			sourceTree = "<group>";
		};
/* End PBXVariantGroup section */

/* Begin XCBuildConfiguration section */
		04296AE01B5E38E000DCD4C7 /* Debug */ = {
			isa = XCBuildConfiguration;
			buildSettings = {
				ALWAYS_SEARCH_USER_PATHS = NO;
				CLANG_CXX_LANGUAGE_STANDARD = "gnu++0x";
				CLANG_CXX_LIBRARY = "libc++";
				CLANG_ENABLE_MODULES = YES;
				CLANG_ENABLE_OBJC_ARC = YES;
				CLANG_WARN_BOOL_CONVERSION = YES;
				CLANG_WARN_CONSTANT_CONVERSION = YES;
				CLANG_WARN_DIRECT_OBJC_ISA_USAGE = YES_ERROR;
				CLANG_WARN_EMPTY_BODY = YES;
				CLANG_WARN_ENUM_CONVERSION = YES;
				CLANG_WARN_INT_CONVERSION = YES;
				CLANG_WARN_OBJC_ROOT_CLASS = YES_ERROR;
				CLANG_WARN_UNREACHABLE_CODE = YES;
				CLANG_WARN__DUPLICATE_METHOD_MATCH = YES;
				"CODE_SIGN_IDENTITY[sdk=iphoneos*]" = "iPhone Developer";
				COPY_PHASE_STRIP = NO;
				DEBUG_INFORMATION_FORMAT = "dwarf-with-dsym";
				ENABLE_STRICT_OBJC_MSGSEND = YES;
				GCC_C_LANGUAGE_STANDARD = gnu99;
				GCC_DYNAMIC_NO_PIC = NO;
				GCC_NO_COMMON_BLOCKS = YES;
				GCC_OPTIMIZATION_LEVEL = 0;
				GCC_PREPROCESSOR_DEFINITIONS = (
					"DEBUG=1",
					"$(inherited)",
				);
				GCC_SYMBOLS_PRIVATE_EXTERN = NO;
				GCC_WARN_64_TO_32_BIT_CONVERSION = YES;
				GCC_WARN_ABOUT_RETURN_TYPE = YES_ERROR;
				GCC_WARN_UNDECLARED_SELECTOR = YES;
				GCC_WARN_UNINITIALIZED_AUTOS = YES_AGGRESSIVE;
				GCC_WARN_UNUSED_FUNCTION = YES;
				GCC_WARN_UNUSED_VARIABLE = YES;
				IPHONEOS_DEPLOYMENT_TARGET = 8.3;
				MTL_ENABLE_DEBUG_INFO = YES;
				ONLY_ACTIVE_ARCH = YES;
				SDKROOT = iphoneos;
				TARGETED_DEVICE_FAMILY = "1,2";
			};
			name = Debug;
		};
		04296AE11B5E38E000DCD4C7 /* Release */ = {
			isa = XCBuildConfiguration;
			buildSettings = {
				ALWAYS_SEARCH_USER_PATHS = NO;
				CLANG_CXX_LANGUAGE_STANDARD = "gnu++0x";
				CLANG_CXX_LIBRARY = "libc++";
				CLANG_ENABLE_MODULES = YES;
				CLANG_ENABLE_OBJC_ARC = YES;
				CLANG_WARN_BOOL_CONVERSION = YES;
				CLANG_WARN_CONSTANT_CONVERSION = YES;
				CLANG_WARN_DIRECT_OBJC_ISA_USAGE = YES_ERROR;
				CLANG_WARN_EMPTY_BODY = YES;
				CLANG_WARN_ENUM_CONVERSION = YES;
				CLANG_WARN_INT_CONVERSION = YES;
				CLANG_WARN_OBJC_ROOT_CLASS = YES_ERROR;
				CLANG_WARN_UNREACHABLE_CODE = YES;
				CLANG_WARN__DUPLICATE_METHOD_MATCH = YES;
				"CODE_SIGN_IDENTITY[sdk=iphoneos*]" = "iPhone Developer";
				COPY_PHASE_STRIP = NO;
				DEBUG_INFORMATION_FORMAT = "dwarf-with-dsym";
				ENABLE_NS_ASSERTIONS = NO;
				ENABLE_STRICT_OBJC_MSGSEND = YES;
				GCC_C_LANGUAGE_STANDARD = gnu99;
				GCC_NO_COMMON_BLOCKS = YES;
				GCC_WARN_64_TO_32_BIT_CONVERSION = YES;
				GCC_WARN_ABOUT_RETURN_TYPE = YES_ERROR;
				GCC_WARN_UNDECLARED_SELECTOR = YES;
				GCC_WARN_UNINITIALIZED_AUTOS = YES_AGGRESSIVE;
				GCC_WARN_UNUSED_FUNCTION = YES;
				GCC_WARN_UNUSED_VARIABLE = YES;
				IPHONEOS_DEPLOYMENT_TARGET = 8.3;
				MTL_ENABLE_DEBUG_INFO = NO;
				SDKROOT = iphoneos;
				TARGETED_DEVICE_FAMILY = "1,2";
				VALIDATE_PRODUCT = YES;
			};
			name = Release;
		};
		04296AE31B5E38E000DCD4C7 /* Debug */ = {
			isa = XCBuildConfiguration;
			buildSettings = {
				ASSETCATALOG_COMPILER_APPICON_NAME = AppIcon;
				INFOPLIST_FILE = DemoDictionary/Info.plist;
				LD_RUNPATH_SEARCH_PATHS = "$(inherited) @executable_path/Frameworks";
				PRODUCT_NAME = "$(TARGET_NAME)";
			};
			name = Debug;
		};
		04296AE41B5E38E000DCD4C7 /* Release */ = {
			isa = XCBuildConfiguration;
			buildSettings = {
				ASSETCATALOG_COMPILER_APPICON_NAME = AppIcon;
				INFOPLIST_FILE = DemoDictionary/Info.plist;
				LD_RUNPATH_SEARCH_PATHS = "$(inherited) @executable_path/Frameworks";
				PRODUCT_NAME = "$(TARGET_NAME)";
			};
			name = Release;
		};
		04296AE61B5E38E000DCD4C7 /* Debug */ = {
			isa = XCBuildConfiguration;
			buildSettings = {
				BUNDLE_LOADER = "$(TEST_HOST)";
				FRAMEWORK_SEARCH_PATHS = (
					"$(SDKROOT)/Developer/Library/Frameworks",
					"$(inherited)",
				);
				GCC_PREPROCESSOR_DEFINITIONS = (
					"DEBUG=1",
					"$(inherited)",
				);
				INFOPLIST_FILE = DemoDictionaryTests/Info.plist;
				LD_RUNPATH_SEARCH_PATHS = "$(inherited) @executable_path/Frameworks @loader_path/Frameworks";
				PRODUCT_NAME = "$(TARGET_NAME)";
				TEST_HOST = "$(BUILT_PRODUCTS_DIR)/DemoDictionary.app/DemoDictionary";
			};
			name = Debug;
		};
		04296AE71B5E38E000DCD4C7 /* Release */ = {
			isa = XCBuildConfiguration;
			buildSettings = {
				BUNDLE_LOADER = "$(TEST_HOST)";
				FRAMEWORK_SEARCH_PATHS = (
					"$(SDKROOT)/Developer/Library/Frameworks",
					"$(inherited)",
				);
				INFOPLIST_FILE = DemoDictionaryTests/Info.plist;
				LD_RUNPATH_SEARCH_PATHS = "$(inherited) @executable_path/Frameworks @loader_path/Frameworks";
				PRODUCT_NAME = "$(TARGET_NAME)";
				TEST_HOST = "$(BUILT_PRODUCTS_DIR)/DemoDictionary.app/DemoDictionary";
			};
			name = Release;
		};
/* End XCBuildConfiguration section */

/* Begin XCConfigurationList section */
		04296ABA1B5E38E000DCD4C7 /* Build configuration list for PBXProject "DemoDictionary" */ = {
			isa = XCConfigurationList;
			buildConfigurations = (
				04296AE01B5E38E000DCD4C7 /* Debug */,
				04296AE11B5E38E000DCD4C7 /* Release */,
			);
			defaultConfigurationIsVisible = 0;
			defaultConfigurationName = Release;
		};
		04296AE21B5E38E000DCD4C7 /* Build configuration list for PBXNativeTarget "DemoDictionary" */ = {
			isa = XCConfigurationList;
			buildConfigurations = (
				04296AE31B5E38E000DCD4C7 /* Debug */,
				04296AE41B5E38E000DCD4C7 /* Release */,
			);
			defaultConfigurationIsVisible = 0;
		};
		04296AE51B5E38E000DCD4C7 /* Build configuration list for PBXNativeTarget "DemoDictionaryTests" */ = {
			isa = XCConfigurationList;
			buildConfigurations = (
				04296AE61B5E38E000DCD4C7 /* Debug */,
				04296AE71B5E38E000DCD4C7 /* Release */,
			);
			defaultConfigurationIsVisible = 0;
		};
/* End XCConfigurationList section */
	};
	rootObject = 04296AB71B5E38E000DCD4C7 /* Project object */;
}
